// !$*UTF8*$!
{
	archiveVersion = 1;
	classes = {
	};
	objectVersion = 50;
	objects = {

/* Begin PBXBuildFile section */
		B891906D20928F8D00ABF8BD /* AppDelegate.swift in Sources */ = {isa = PBXBuildFile; fileRef = B891906C20928F8D00ABF8BD /* AppDelegate.swift */; };
		B891907220928F8D00ABF8BD /* Main.storyboard in Resources */ = {isa = PBXBuildFile; fileRef = B891907020928F8D00ABF8BD /* Main.storyboard */; };
		B891907520928F8D00ABF8BD /* FitnessTracker.xcdatamodeld in Sources */ = {isa = PBXBuildFile; fileRef = B891907320928F8D00ABF8BD /* FitnessTracker.xcdatamodeld */; };
		B891907720928F8E00ABF8BD /* Assets.xcassets in Resources */ = {isa = PBXBuildFile; fileRef = B891907620928F8E00ABF8BD /* Assets.xcassets */; };
		B891907A20928F8E00ABF8BD /* LaunchScreen.storyboard in Resources */ = {isa = PBXBuildFile; fileRef = B891907820928F8E00ABF8BD /* LaunchScreen.storyboard */; };
		B8919083209294F000ABF8BD /* Workout+CoreDataClass.swift in Sources */ = {isa = PBXBuildFile; fileRef = B8919081209294F000ABF8BD /* Workout+CoreDataClass.swift */; };
		B8919084209294F000ABF8BD /* Workout+CoreDataProperties.swift in Sources */ = {isa = PBXBuildFile; fileRef = B8919082209294F000ABF8BD /* Workout+CoreDataProperties.swift */; };
		B89190862092ACD800ABF8BD /* WorkoutViewController.swift in Sources */ = {isa = PBXBuildFile; fileRef = B89190852092ACD800ABF8BD /* WorkoutViewController.swift */; };
		B89190882092B2CF00ABF8BD /* WorkoutTableViewController.swift in Sources */ = {isa = PBXBuildFile; fileRef = B89190872092B2CF00ABF8BD /* WorkoutTableViewController.swift */; };
/* End PBXBuildFile section */

/* Begin PBXFileReference section */
		B891906920928F8D00ABF8BD /* FitnessTracker.app */ = {isa = PBXFileReference; explicitFileType = wrapper.application; includeInIndex = 0; path = FitnessTracker.app; sourceTree = BUILT_PRODUCTS_DIR; };
		B891906C20928F8D00ABF8BD /* AppDelegate.swift */ = {isa = PBXFileReference; lastKnownFileType = sourcecode.swift; path = AppDelegate.swift; sourceTree = "<group>"; };
		B891907120928F8D00ABF8BD /* Base */ = {isa = PBXFileReference; lastKnownFileType = file.storyboard; name = Base; path = Base.lproj/Main.storyboard; sourceTree = "<group>"; };
		B891907420928F8D00ABF8BD /* FitnessTracker.xcdatamodel */ = {isa = PBXFileReference; lastKnownFileType = wrapper.xcdatamodel; path = FitnessTracker.xcdatamodel; sourceTree = "<group>"; };
		B891907620928F8E00ABF8BD /* Assets.xcassets */ = {isa = PBXFileReference; lastKnownFileType = folder.assetcatalog; path = Assets.xcassets; sourceTree = "<group>"; };
		B891907920928F8E00ABF8BD /* Base */ = {isa = PBXFileReference; lastKnownFileType = file.storyboard; name = Base; path = Base.lproj/LaunchScreen.storyboard; sourceTree = "<group>"; };
		B891907B20928F8E00ABF8BD /* Info.plist */ = {isa = PBXFileReference; lastKnownFileType = text.plist.xml; path = Info.plist; sourceTree = "<group>"; };
		B8919081209294F000ABF8BD /* Workout+CoreDataClass.swift */ = {isa = PBXFileReference; lastKnownFileType = sourcecode.swift; path = "Workout+CoreDataClass.swift"; sourceTree = "<group>"; };
		B8919082209294F000ABF8BD /* Workout+CoreDataProperties.swift */ = {isa = PBXFileReference; lastKnownFileType = sourcecode.swift; path = "Workout+CoreDataProperties.swift"; sourceTree = "<group>"; };
		B89190852092ACD800ABF8BD /* WorkoutViewController.swift */ = {isa = PBXFileReference; lastKnownFileType = sourcecode.swift; path = WorkoutViewController.swift; sourceTree = "<group>"; };
		B89190872092B2CF00ABF8BD /* WorkoutTableViewController.swift */ = {isa = PBXFileReference; lastKnownFileType = sourcecode.swift; path = WorkoutTableViewController.swift; sourceTree = "<group>"; };
/* End PBXFileReference section */

/* Begin PBXFrameworksBuildPhase section */
		B891906620928F8D00ABF8BD /* Frameworks */ = {
			isa = PBXFrameworksBuildPhase;
			buildActionMask = 2147483647;
			files = (
			);
			runOnlyForDeploymentPostprocessing = 0;
		};
/* End PBXFrameworksBuildPhase section */

/* Begin PBXGroup section */
		B891906020928F8D00ABF8BD = {
			isa = PBXGroup;
			children = (
				B891906B20928F8D00ABF8BD /* FitnessTracker */,
				B891906A20928F8D00ABF8BD /* Products */,
			);
			sourceTree = "<group>";
		};
		B891906A20928F8D00ABF8BD /* Products */ = {
			isa = PBXGroup;
			children = (
				B891906920928F8D00ABF8BD /* FitnessTracker.app */,
			);
			name = Products;
			sourceTree = "<group>";
		};
		B891906B20928F8D00ABF8BD /* FitnessTracker */ = {
			isa = PBXGroup;
			children = (
				B8919081209294F000ABF8BD /* Workout+CoreDataClass.swift */,
				B8919082209294F000ABF8BD /* Workout+CoreDataProperties.swift */,
				B891906C20928F8D00ABF8BD /* AppDelegate.swift */,
				B89190872092B2CF00ABF8BD /* WorkoutTableViewController.swift */,
				B89190852092ACD800ABF8BD /* WorkoutViewController.swift */,
				B891907020928F8D00ABF8BD /* Main.storyboard */,
				B891907620928F8E00ABF8BD /* Assets.xcassets */,
				B891907820928F8E00ABF8BD /* LaunchScreen.storyboard */,
				B891907B20928F8E00ABF8BD /* Info.plist */,
				B891907320928F8D00ABF8BD /* FitnessTracker.xcdatamodeld */,
			);
			path = FitnessTracker;
			sourceTree = "<group>";
		};
/* End PBXGroup section */

/* Begin PBXNativeTarget section */
		B891906820928F8D00ABF8BD /* FitnessTracker */ = {
			isa = PBXNativeTarget;
			buildConfigurationList = B891907E20928F8E00ABF8BD /* Build configuration list for PBXNativeTarget "FitnessTracker" */;
			buildPhases = (
				B891906520928F8D00ABF8BD /* Sources */,
				B891906620928F8D00ABF8BD /* Frameworks */,
				B891906720928F8D00ABF8BD /* Resources */,
			);
			buildRules = (
			);
			dependencies = (
			);
			name = FitnessTracker;
			productName = FitnessTracker;
			productReference = B891906920928F8D00ABF8BD /* FitnessTracker.app */;
			productType = "com.apple.product-type.application";
		};
/* End PBXNativeTarget section */

/* Begin PBXProject section */
		B891906120928F8D00ABF8BD /* Project object */ = {
			isa = PBXProject;
			attributes = {
				LastSwiftUpdateCheck = 0930;
				LastUpgradeCheck = 0930;
				ORGANIZATIONNAME = "Cameron Wandfluh";
				TargetAttributes = {
					B891906820928F8D00ABF8BD = {
						CreatedOnToolsVersion = 9.3;
					};
				};
			};
			buildConfigurationList = B891906420928F8D00ABF8BD /* Build configuration list for PBXProject "FitnessTracker" */;
			compatibilityVersion = "Xcode 9.3";
			developmentRegion = en;
			hasScannedForEncodings = 0;
			knownRegions = (
				en,
				Base,
			);
			mainGroup = B891906020928F8D00ABF8BD;
			productRefGroup = B891906A20928F8D00ABF8BD /* Products */;
			projectDirPath = "";
			projectRoot = "";
			targets = (
				B891906820928F8D00ABF8BD /* FitnessTracker */,
			);
		};
/* End PBXProject section */

/* Begin PBXResourcesBuildPhase section */
		B891906720928F8D00ABF8BD /* Resources */ = {
			isa = PBXResourcesBuildPhase;
			buildActionMask = 2147483647;
			files = (
				B891907A20928F8E00ABF8BD /* LaunchScreen.storyboard in Resources */,
				B891907720928F8E00ABF8BD /* Assets.xcassets in Resources */,
				B891907220928F8D00ABF8BD /* Main.storyboard in Resources */,
			);
			runOnlyForDeploymentPostprocessing = 0;
		};
/* End PBXResourcesBuildPhase section */

/* Begin PBXSourcesBuildPhase section */
		B891906520928F8D00ABF8BD /* Sources */ = {
			isa = PBXSourcesBuildPhase;
			buildActionMask = 2147483647;
			files = (
				B8919084209294F000ABF8BD /* Workout+CoreDataProperties.swift in Sources */,
				B8919083209294F000ABF8BD /* Workout+CoreDataClass.swift in Sources */,
				B89190882092B2CF00ABF8BD /* WorkoutTableViewController.swift in Sources */,
				B89190862092ACD800ABF8BD /* WorkoutViewController.swift in Sources */,
				B891907520928F8D00ABF8BD /* FitnessTracker.xcdatamodeld in Sources */,
				B891906D20928F8D00ABF8BD /* AppDelegate.swift in Sources */,
			);
			runOnlyForDeploymentPostprocessing = 0;
		};
/* End PBXSourcesBuildPhase section */

/* Begin PBXVariantGroup section */
		B891907020928F8D00ABF8BD /* Main.storyboard */ = {
			isa = PBXVariantGroup;
			children = (
				B891907120928F8D00ABF8BD /* Base */,
			);
			name = Main.storyboard;
			sourceTree = "<group>";
		};
		B891907820928F8E00ABF8BD /* LaunchScreen.storyboard */ = {
			isa = PBXVariantGroup;
			children = (
				B891907920928F8E00ABF8BD /* Base */,
			);
			name = LaunchScreen.storyboard;
			sourceTree = "<group>";
		};
/* End PBXVariantGroup section */

/* Begin XCBuildConfiguration section */
		B891907C20928F8E00ABF8BD /* Debug */ = {
			isa = XCBuildConfiguration;
			buildSettings = {
				ALWAYS_SEARCH_USER_PATHS = NO;
				CLANG_ANALYZER_NONNULL = YES;
				CLANG_ANALYZER_NUMBER_OBJECT_CONVERSION = YES_AGGRESSIVE;
				CLANG_CXX_LANGUAGE_STANDARD = "gnu++14";
				CLANG_CXX_LIBRARY = "libc++";
				CLANG_ENABLE_MODULES = YES;
				CLANG_ENABLE_OBJC_ARC = YES;
				CLANG_ENABLE_OBJC_WEAK = YES;
				CLANG_WARN_BLOCK_CAPTURE_AUTORELEASING = YES;
				CLANG_WARN_BOOL_CONVERSION = YES;
				CLANG_WARN_COMMA = YES;
				CLANG_WARN_CONSTANT_CONVERSION = YES;
				CLANG_WARN_DEPRECATED_OBJC_IMPLEMENTATIONS = YES;
				CLANG_WARN_DIRECT_OBJC_ISA_USAGE = YES_ERROR;
				CLANG_WARN_DOCUMENTATION_COMMENTS = YES;
				CLANG_WARN_EMPTY_BODY = YES;
				CLANG_WARN_ENUM_CONVERSION = YES;
				CLANG_WARN_INFINITE_RECURSION = YES;
				CLANG_WARN_INT_CONVERSION = YES;
				CLANG_WARN_NON_LITERAL_NULL_CONVERSION = YES;
				CLANG_WARN_OBJC_IMPLICIT_RETAIN_SELF = YES;
				CLANG_WARN_OBJC_LITERAL_CONVERSION = YES;
				CLANG_WARN_OBJC_ROOT_CLASS = YES_ERROR;
				CLANG_WARN_RANGE_LOOP_ANALYSIS = YES;
				CLANG_WARN_STRICT_PROTOTYPES = YES;
				CLANG_WARN_SUSPICIOUS_MOVE = YES;
				CLANG_WARN_UNGUARDED_AVAILABILITY = YES_AGGRESSIVE;
				CLANG_WARN_UNREACHABLE_CODE = YES;
				CLANG_WARN__DUPLICATE_METHOD_MATCH = YES;
				CODE_SIGN_IDENTITY = "iPhone Developer";
				COPY_PHASE_STRIP = NO;
				DEBUG_INFORMATION_FORMAT = dwarf;
				ENABLE_STRICT_OBJC_MSGSEND = YES;
				ENABLE_TESTABILITY = YES;
				GCC_C_LANGUAGE_STANDARD = gnu11;
				GCC_DYNAMIC_NO_PIC = NO;
				GCC_NO_COMMON_BLOCKS = YES;
				GCC_OPTIMIZATION_LEVEL = 0;
				GCC_PREPROCESSOR_DEFINITIONS = (
					"DEBUG=1",
					"$(inherited)",
				);
				GCC_WARN_64_TO_32_BIT_CONVERSION = YES;
				GCC_WARN_ABOUT_RETURN_TYPE = YES_ERROR;
				GCC_WARN_UNDECLARED_SELECTOR = YES;
				GCC_WARN_UNINITIALIZED_AUTOS = YES_AGGRESSIVE;
				GCC_WARN_UNUSED_FUNCTION = YES;
				GCC_WARN_UNUSED_VARIABLE = YES;
				IPHONEOS_DEPLOYMENT_TARGET = 11.3;
				MTL_ENABLE_DEBUG_INFO = YES;
				ONLY_ACTIVE_ARCH = YES;
				SDKROOT = iphoneos;
				SWIFT_ACTIVE_COMPILATION_CONDITIONS = DEBUG;
				SWIFT_OPTIMIZATION_LEVEL = "-Onone";
			};
			name = Debug;
		};
		B891907D20928F8E00ABF8BD /* Release */ = {
			isa = XCBuildConfiguration;
			buildSettings = {
				ALWAYS_SEARCH_USER_PATHS = NO;
				CLANG_ANALYZER_NONNULL = YES;
				CLANG_ANALYZER_NUMBER_OBJECT_CONVERSION = YES_AGGRESSIVE;
				CLANG_CXX_LANGUAGE_STANDARD = "gnu++14";
				CLANG_CXX_LIBRARY = "libc++";
				CLANG_ENABLE_MODULES = YES;
				CLANG_ENABLE_OBJC_ARC = YES;
				CLANG_ENABLE_OBJC_WEAK = YES;
				CLANG_WARN_BLOCK_CAPTURE_AUTORELEASING = YES;
				CLANG_WARN_BOOL_CONVERSION = YES;
				CLANG_WARN_COMMA = YES;
				CLANG_WARN_CONSTANT_CONVERSION = YES;
				CLANG_WARN_DEPRECATED_OBJC_IMPLEMENTATIONS = YES;
				CLANG_WARN_DIRECT_OBJC_ISA_USAGE = YES_ERROR;
				CLANG_WARN_DOCUMENTATION_COMMENTS = YES;
				CLANG_WARN_EMPTY_BODY = YES;
				CLANG_WARN_ENUM_CONVERSION = YES;
				CLANG_WARN_INFINITE_RECURSION = YES;
				CLANG_WARN_INT_CONVERSION = YES;
				CLANG_WARN_NON_LITERAL_NULL_CONVERSION = YES;
				CLANG_WARN_OBJC_IMPLICIT_RETAIN_SELF = YES;
				CLANG_WARN_OBJC_LITERAL_CONVERSION = YES;
				CLANG_WARN_OBJC_ROOT_CLASS = YES_ERROR;
				CLANG_WARN_RANGE_LOOP_ANALYSIS = YES;
				CLANG_WARN_STRICT_PROTOTYPES = YES;
				CLANG_WARN_SUSPICIOUS_MOVE = YES;
				CLANG_WARN_UNGUARDED_AVAILABILITY = YES_AGGRESSIVE;
				CLANG_WARN_UNREACHABLE_CODE = YES;
				CLANG_WARN__DUPLICATE_METHOD_MATCH = YES;
				CODE_SIGN_IDENTITY = "iPhone Developer";
				COPY_PHASE_STRIP = NO;
				DEBUG_INFORMATION_FORMAT = "dwarf-with-dsym";
				ENABLE_NS_ASSERTIONS = NO;
				ENABLE_STRICT_OBJC_MSGSEND = YES;
				GCC_C_LANGUAGE_STANDARD = gnu11;
				GCC_NO_COMMON_BLOCKS = YES;
				GCC_WARN_64_TO_32_BIT_CONVERSION = YES;
				GCC_WARN_ABOUT_RETURN_TYPE = YES_ERROR;
				GCC_WARN_UNDECLARED_SELECTOR = YES;
				GCC_WARN_UNINITIALIZED_AUTOS = YES_AGGRESSIVE;
				GCC_WARN_UNUSED_FUNCTION = YES;
				GCC_WARN_UNUSED_VARIABLE = YES;
				IPHONEOS_DEPLOYMENT_TARGET = 11.3;
				MTL_ENABLE_DEBUG_INFO = NO;
				SDKROOT = iphoneos;
				SWIFT_COMPILATION_MODE = wholemodule;
				SWIFT_OPTIMIZATION_LEVEL = "-O";
				VALIDATE_PRODUCT = YES;
			};
			name = Release;
		};
		B891907F20928F8E00ABF8BD /* Debug */ = {
			isa = XCBuildConfiguration;
			buildSettings = {
				ASSETCATALOG_COMPILER_APPICON_NAME = AppIcon;
				CODE_SIGN_STYLE = Automatic;
				DEVELOPMENT_TEAM = CTCM762KTN;
				INFOPLIST_FILE = FitnessTracker/Info.plist;
				LD_RUNPATH_SEARCH_PATHS = (
					"$(inherited)",
					"@executable_path/Frameworks",
				);
				PRODUCT_BUNDLE_IDENTIFIER = Missouri.FitnessTracker;
				PRODUCT_NAME = "$(TARGET_NAME)";
				SWIFT_VERSION = 4.0;
				TARGETED_DEVICE_FAMILY = "1,2";
			};
			name = Debug;
		};
		B891908020928F8E00ABF8BD /* Release */ = {
			isa = XCBuildConfiguration;
			buildSettings = {
				ASSETCATALOG_COMPILER_APPICON_NAME = AppIcon;
				CODE_SIGN_STYLE = Automatic;
				DEVELOPMENT_TEAM = CTCM762KTN;
				INFOPLIST_FILE = FitnessTracker/Info.plist;
				LD_RUNPATH_SEARCH_PATHS = (
					"$(inherited)",
					"@executable_path/Frameworks",
				);
				PRODUCT_BUNDLE_IDENTIFIER = Missouri.FitnessTracker;
				PRODUCT_NAME = "$(TARGET_NAME)";
				SWIFT_VERSION = 4.0;
				TARGETED_DEVICE_FAMILY = "1,2";
			};
			name = Release;
		};
/* End XCBuildConfiguration section */

/* Begin XCConfigurationList section */
		B891906420928F8D00ABF8BD /* Build configuration list for PBXProject "FitnessTracker" */ = {
			isa = XCConfigurationList;
			buildConfigurations = (
				B891907C20928F8E00ABF8BD /* Debug */,
				B891907D20928F8E00ABF8BD /* Release */,
			);
			defaultConfigurationIsVisible = 0;
			defaultConfigurationName = Release;
		};
		B891907E20928F8E00ABF8BD /* Build configuration list for PBXNativeTarget "FitnessTracker" */ = {
			isa = XCConfigurationList;
			buildConfigurations = (
				B891907F20928F8E00ABF8BD /* Debug */,
				B891908020928F8E00ABF8BD /* Release */,
			);
			defaultConfigurationIsVisible = 0;
			defaultConfigurationName = Release;
		};
/* End XCConfigurationList section */

/* Begin XCVersionGroup section */
		B891907320928F8D00ABF8BD /* FitnessTracker.xcdatamodeld */ = {
			isa = XCVersionGroup;
			children = (
				B891907420928F8D00ABF8BD /* FitnessTracker.xcdatamodel */,
			);
			currentVersion = B891907420928F8D00ABF8BD /* FitnessTracker.xcdatamodel */;
			path = FitnessTracker.xcdatamodeld;
			sourceTree = "<group>";
			versionGroupType = wrapper.xcdatamodel;
		};
/* End XCVersionGroup section */
	};
	rootObject = B891906120928F8D00ABF8BD /* Project object */;
}
